// !$*UTF8*$!
{
	archiveVersion = 1;
	classes = {
	};
	objectVersion = 46;
	objects = {

/* Begin PBXBuildFile section */
		80CC5D8319EB7C9F00E91EF3 /* main.cpp in Sources */ = {isa = PBXBuildFile; fileRef = 80CC5D8219EB7C9F00E91EF3 /* main.cpp */; };
/* End PBXBuildFile section */

/* Begin PBXCopyFilesBuildPhase section */
		80CC5D7D19EB7C9F00E91EF3 /* CopyFiles */ = {
			isa = PBXCopyFilesBuildPhase;
			buildActionMask = 2147483647;
			dstPath = /usr/share/man/man1/;
			dstSubfolderSpec = 0;
			files = (
			);
			runOnlyForDeploymentPostprocessing = 1;
		};
/* End PBXCopyFilesBuildPhase section */

/* Begin PBXFileReference section */
		80CC5D7F19EB7C9F00E91EF3 /* CS31_project5_scratch1 */ = {isa = PBXFileReference; explicitFileType = "compiled.mach-o.executable"; includeInIndex = 0; path = CS31_project5_scratch1; sourceTree = BUILT_PRODUCTS_DIR; };
		80CC5D8219EB7C9F00E91EF3 /* main.cpp */ = {isa = PBXFileReference; lastKnownFileType = sourcecode.cpp.cpp; path = main.cpp; sourceTree = "<group>"; };
/* End PBXFileReference section */

/* Begin PBXFrameworksBuildPhase section */
		80CC5D7C19EB7C9F00E91EF3 /* Frameworks */ = {
			isa = PBXFrameworksBuildPhase;
			buildActionMask = 2147483647;
			files = (
			);
			runOnlyForDeploymentPostprocessing = 0;
		};
/* End PBXFrameworksBuildPhase section */

/* Begin PBXGroup section */
		80CC5D7619EB7C9F00E91EF3 = {
			isa = PBXGroup;
			children = (
				80CC5D8119EB7C9F00E91EF3 /* CS31_project5_scratch1 */,
				80CC5D8019EB7C9F00E91EF3 /* Products */,
			);
			sourceTree = "<group>";
		};
		80CC5D8019EB7C9F00E91EF3 /* Products */ = {
			isa = PBXGroup;
			children = (
				80CC5D7F19EB7C9F00E91EF3 /* CS31_project5_scratch1 */,
			);
			name = Products;
			sourceTree = "<group>";
		};
		80CC5D8119EB7C9F00E91EF3 /* CS31_project5_scratch1 */ = {
			isa = PBXGroup;
			children = (
				80CC5D8219EB7C9F00E91EF3 /* main.cpp */,
			);
			path = CS31_project5_scratch1;
			sourceTree = "<group>";
		};
/* End PBXGroup section */

/* Begin PBXNativeTarget section */
		80CC5D7E19EB7C9F00E91EF3 /* CS31_project5_scratch1 */ = {
			isa = PBXNativeTarget;
			buildConfigurationList = 80CC5D8619EB7C9F00E91EF3 /* Build configuration list for PBXNativeTarget "CS31_project5_scratch1" */;
			buildPhases = (
				80CC5D7B19EB7C9F00E91EF3 /* Sources */,
				80CC5D7C19EB7C9F00E91EF3 /* Frameworks */,
				80CC5D7D19EB7C9F00E91EF3 /* CopyFiles */,
			);
			buildRules = (
			);
			dependencies = (
			);
			name = CS31_project5_scratch1;
			productName = CS31_project5_scratch1;
			productReference = 80CC5D7F19EB7C9F00E91EF3 /* CS31_project5_scratch1 */;
			productType = "com.apple.product-type.tool";
		};
/* End PBXNativeTarget section */

/* Begin PBXProject section */
		80CC5D7719EB7C9F00E91EF3 /* Project object */ = {
			isa = PBXProject;
			attributes = {
				LastUpgradeCheck = 0600;
				ORGANIZATIONNAME = "Ju Hyeon Park";
				TargetAttributes = {
					80CC5D7E19EB7C9F00E91EF3 = {
						CreatedOnToolsVersion = 6.0.1;
					};
				};
			};
			buildConfigurationList = 80CC5D7A19EB7C9F00E91EF3 /* Build configuration list for PBXProject "CS31_project5_scratch1" */;
			compatibilityVersion = "Xcode 3.2";
			developmentRegion = English;
			hasScannedForEncodings = 0;
			knownRegions = (
				en,
			);
			mainGroup = 80CC5D7619EB7C9F00E91EF3;
			productRefGroup = 80CC5D8019EB7C9F00E91EF3 /* Products */;
			projectDirPath = "";
			projectRoot = "";
			targets = (
				80CC5D7E19EB7C9F00E91EF3 /* CS31_project5_scratch1 */,
			);
		};
/* End PBXProject section */

/* Begin PBXSourcesBuildPhase section */
		80CC5D7B19EB7C9F00E91EF3 /* Sources */ = {
			isa = PBXSourcesBuildPhase;
			buildActionMask = 2147483647;
			files = (
				80CC5D8319EB7C9F00E91EF3 /* main.cpp in Sources */,
			);
			runOnlyForDeploymentPostprocessing = 0;
		};
/* End PBXSourcesBuildPhase section */

/* Begin XCBuildConfiguration section */
		80CC5D8419EB7C9F00E91EF3 /* Debug */ = {
			isa = XCBuildConfiguration;
			buildSettings = {
				ALWAYS_SEARCH_USER_PATHS = NO;
				CLANG_CXX_LANGUAGE_STANDARD = "gnu++0x";
				CLANG_CXX_LIBRARY = "libc++";
				CLANG_ENABLE_MODULES = YES;
				CLANG_ENABLE_OBJC_ARC = YES;
				CLANG_WARN_BOOL_CONVERSION = YES;
				CLANG_WARN_CONSTANT_CONVERSION = YES;
				CLANG_WARN_DIRECT_OBJC_ISA_USAGE = YES_ERROR;
				CLANG_WARN_EMPTY_BODY = YES;
				CLANG_WARN_ENUM_CONVERSION = YES;
				CLANG_WARN_INT_CONVERSION = YES;
				CLANG_WARN_OBJC_ROOT_CLASS = YES_ERROR;
				CLANG_WARN_UNREACHABLE_CODE = YES;
				CLANG_WARN__DUPLICATE_METHOD_MATCH = YES;
				COPY_PHASE_STRIP = NO;
				ENABLE_STRICT_OBJC_MSGSEND = YES;
				GCC_C_LANGUAGE_STANDARD = gnu99;
				GCC_DYNAMIC_NO_PIC = NO;
				GCC_OPTIMIZATION_LEVEL = 0;
				GCC_PREPROCESSOR_DEFINITIONS = (
					"DEBUG=1",
					"$(inherited)",
				);
				GCC_SYMBOLS_PRIVATE_EXTERN = NO;
				GCC_WARN_64_TO_32_BIT_CONVERSION = YES;
				GCC_WARN_ABOUT_RETURN_TYPE = YES_ERROR;
				GCC_WARN_UNDECLARED_SELECTOR = YES;
				GCC_WARN_UNINITIALIZED_AUTOS = YES_AGGRESSIVE;
				GCC_WARN_UNUSED_FUNCTION = YES;
				GCC_WARN_UNUSED_VARIABLE = YES;
				MACOSX_DEPLOYMENT_TARGET = 10.9;
				MTL_ENABLE_DEBUG_INFO = YES;
				ONLY_ACTIVE_ARCH = YES;
				SDKROOT = macosx;
			};
			name = Debug;
		};
		80CC5D8519EB7C9F00E91EF3 /* Release */ = {
			isa = XCBuildConfiguration;
			buildSettings = {
				ALWAYS_SEARCH_USER_PATHS = NO;
				CLANG_CXX_LANGUAGE_STANDARD = "gnu++0x";
				CLANG_CXX_LIBRARY = "libc++";
				CLANG_ENABLE_MODULES = YES;
				CLANG_ENABLE_OBJC_ARC = YES;
				CLANG_WARN_BOOL_CONVERSION = YES;
				CLANG_WARN_CONSTANT_CONVERSION = YES;
				CLANG_WARN_DIRECT_OBJC_ISA_USAGE = YES_ERROR;
				CLANG_WARN_EMPTY_BODY = YES;
				CLANG_WARN_ENUM_CONVERSION = YES;
				CLANG_WARN_INT_CONVERSION = YES;
				CLANG_WARN_OBJC_ROOT_CLASS = YES_ERROR;
				CLANG_WARN_UNREACHABLE_CODE = YES;
				CLANG_WARN__DUPLICATE_METHOD_MATCH = YES;
				COPY_PHASE_STRIP = YES;
				DEBUG_INFORMATION_FORMAT = "dwarf-with-dsym";
				ENABLE_NS_ASSERTIONS = NO;
				ENABLE_STRICT_OBJC_MSGSEND = YES;
				GCC_C_LANGUAGE_STANDARD = gnu99;
				GCC_WARN_64_TO_32_BIT_CONVERSION = YES;
				GCC_WARN_ABOUT_RETURN_TYPE = YES_ERROR;
				GCC_WARN_UNDECLARED_SELECTOR = YES;
				GCC_WARN_UNINITIALIZED_AUTOS = YES_AGGRESSIVE;
				GCC_WARN_UNUSED_FUNCTION = YES;
				GCC_WARN_UNUSED_VARIABLE = YES;
				MACOSX_DEPLOYMENT_TARGET = 10.9;
				MTL_ENABLE_DEBUG_INFO = NO;
				SDKROOT = macosx;
			};
			name = Release;
		};
		80CC5D8719EB7C9F00E91EF3 /* Debug */ = {
			isa = XCBuildConfiguration;
			buildSettings = {
				PRODUCT_NAME = "$(TARGET_NAME)";
			};
			name = Debug;
		};
		80CC5D8819EB7C9F00E91EF3 /* Release */ = {
			isa = XCBuildConfiguration;
			buildSettings = {
				PRODUCT_NAME = "$(TARGET_NAME)";
			};
			name = Release;
		};
/* End XCBuildConfiguration section */

/* Begin XCConfigurationList section */
		80CC5D7A19EB7C9F00E91EF3 /* Build configuration list for PBXProject "CS31_project5_scratch1" */ = {
			isa = XCConfigurationList;
			buildConfigurations = (
				80CC5D8419EB7C9F00E91EF3 /* Debug */,
				80CC5D8519EB7C9F00E91EF3 /* Release */,
			);
			defaultConfigurationIsVisible = 0;
			defaultConfigurationName = Release;
		};
		80CC5D8619EB7C9F00E91EF3 /* Build configuration list for PBXNativeTarget "CS31_project5_scratch1" */ = {
			isa = XCConfigurationList;
			buildConfigurations = (
				80CC5D8719EB7C9F00E91EF3 /* Debug */,
				80CC5D8819EB7C9F00E91EF3 /* Release */,
			);
			defaultConfigurationIsVisible = 0;
		};
/* End XCConfigurationList section */
	};
	rootObject = 80CC5D7719EB7C9F00E91EF3 /* Project object */;
}
